// !$*UTF8*$!
{
	archiveVersion = 1;
	classes = {
	};
	objectVersion = 50;
	objects = {

/* Begin PBXBuildFile section */
		644BB9D021F8C52B002EFFC7 /* AppDelegate.swift in Sources */ = {isa = PBXBuildFile; fileRef = 644BB9CF21F8C52B002EFFC7 /* AppDelegate.swift */; };
		644BB9D221F8C52B002EFFC7 /* ViewController.swift in Sources */ = {isa = PBXBuildFile; fileRef = 644BB9D121F8C52B002EFFC7 /* ViewController.swift */; };
		644BB9D521F8C52B002EFFC7 /* Main.storyboard in Resources */ = {isa = PBXBuildFile; fileRef = 644BB9D321F8C52B002EFFC7 /* Main.storyboard */; };
		644BB9D721F8C52C002EFFC7 /* Assets.xcassets in Resources */ = {isa = PBXBuildFile; fileRef = 644BB9D621F8C52C002EFFC7 /* Assets.xcassets */; };
		644BB9DA21F8C52C002EFFC7 /* LaunchScreen.storyboard in Resources */ = {isa = PBXBuildFile; fileRef = 644BB9D821F8C52C002EFFC7 /* LaunchScreen.storyboard */; };
		644BB9E521F8C52C002EFFC7 /* Example2Tests.swift in Sources */ = {isa = PBXBuildFile; fileRef = 644BB9E421F8C52C002EFFC7 /* Example2Tests.swift */; };
		644BB9F021F8C52C002EFFC7 /* Example2UITests.swift in Sources */ = {isa = PBXBuildFile; fileRef = 644BB9EF21F8C52C002EFFC7 /* Example2UITests.swift */; };
/* End PBXBuildFile section */

/* Begin PBXContainerItemProxy section */
		644BB9E121F8C52C002EFFC7 /* PBXContainerItemProxy */ = {
			isa = PBXContainerItemProxy;
			containerPortal = 644BB9C421F8C52A002EFFC7 /* Project object */;
			proxyType = 1;
			remoteGlobalIDString = 644BB9CB21F8C52B002EFFC7;
			remoteInfo = Example2;
		};
		644BB9EC21F8C52C002EFFC7 /* PBXContainerItemProxy */ = {
			isa = PBXContainerItemProxy;
			containerPortal = 644BB9C421F8C52A002EFFC7 /* Project object */;
			proxyType = 1;
			remoteGlobalIDString = 644BB9CB21F8C52B002EFFC7;
			remoteInfo = Example2;
		};
/* End PBXContainerItemProxy section */

/* Begin PBXFileReference section */
		644BB9CC21F8C52B002EFFC7 /* Example2.app */ = {isa = PBXFileReference; explicitFileType = wrapper.application; includeInIndex = 0; path = Example2.app; sourceTree = BUILT_PRODUCTS_DIR; };
		644BB9CF21F8C52B002EFFC7 /* AppDelegate.swift */ = {isa = PBXFileReference; lastKnownFileType = sourcecode.swift; path = AppDelegate.swift; sourceTree = "<group>"; };
		644BB9D121F8C52B002EFFC7 /* ViewController.swift */ = {isa = PBXFileReference; lastKnownFileType = sourcecode.swift; path = ViewController.swift; sourceTree = "<group>"; };
		644BB9D421F8C52B002EFFC7 /* Base */ = {isa = PBXFileReference; lastKnownFileType = file.storyboard; name = Base; path = Base.lproj/Main.storyboard; sourceTree = "<group>"; };
		644BB9D621F8C52C002EFFC7 /* Assets.xcassets */ = {isa = PBXFileReference; lastKnownFileType = folder.assetcatalog; path = Assets.xcassets; sourceTree = "<group>"; };
		644BB9D921F8C52C002EFFC7 /* Base */ = {isa = PBXFileReference; lastKnownFileType = file.storyboard; name = Base; path = Base.lproj/LaunchScreen.storyboard; sourceTree = "<group>"; };
		644BB9DB21F8C52C002EFFC7 /* Info.plist */ = {isa = PBXFileReference; lastKnownFileType = text.plist.xml; path = Info.plist; sourceTree = "<group>"; };
		644BB9E021F8C52C002EFFC7 /* Example2Tests.xctest */ = {isa = PBXFileReference; explicitFileType = wrapper.cfbundle; includeInIndex = 0; path = Example2Tests.xctest; sourceTree = BUILT_PRODUCTS_DIR; };
		644BB9E421F8C52C002EFFC7 /* Example2Tests.swift */ = {isa = PBXFileReference; lastKnownFileType = sourcecode.swift; path = Example2Tests.swift; sourceTree = "<group>"; };
		644BB9E621F8C52C002EFFC7 /* Info.plist */ = {isa = PBXFileReference; lastKnownFileType = text.plist.xml; path = Info.plist; sourceTree = "<group>"; };
		644BB9EB21F8C52C002EFFC7 /* Example2UITests.xctest */ = {isa = PBXFileReference; explicitFileType = wrapper.cfbundle; includeInIndex = 0; path = Example2UITests.xctest; sourceTree = BUILT_PRODUCTS_DIR; };
		644BB9EF21F8C52C002EFFC7 /* Example2UITests.swift */ = {isa = PBXFileReference; lastKnownFileType = sourcecode.swift; path = Example2UITests.swift; sourceTree = "<group>"; };
		644BB9F121F8C52C002EFFC7 /* Info.plist */ = {isa = PBXFileReference; lastKnownFileType = text.plist.xml; path = Info.plist; sourceTree = "<group>"; };
/* End PBXFileReference section */

/* Begin PBXFrameworksBuildPhase section */
		644BB9C921F8C52B002EFFC7 /* Frameworks */ = {
			isa = PBXFrameworksBuildPhase;
			buildActionMask = 2147483647;
			files = (
			);
			runOnlyForDeploymentPostprocessing = 0;
		};
		644BB9DD21F8C52C002EFFC7 /* Frameworks */ = {
			isa = PBXFrameworksBuildPhase;
			buildActionMask = 2147483647;
			files = (
			);
			runOnlyForDeploymentPostprocessing = 0;
		};
		644BB9E821F8C52C002EFFC7 /* Frameworks */ = {
			isa = PBXFrameworksBuildPhase;
			buildActionMask = 2147483647;
			files = (
			);
			runOnlyForDeploymentPostprocessing = 0;
		};
/* End PBXFrameworksBuildPhase section */

/* Begin PBXGroup section */
		644BB9C321F8C52A002EFFC7 = {
			isa = PBXGroup;
			children = (
				644BB9CE21F8C52B002EFFC7 /* Example2 */,
				644BB9E321F8C52C002EFFC7 /* Example2Tests */,
				644BB9EE21F8C52C002EFFC7 /* Example2UITests */,
				644BB9CD21F8C52B002EFFC7 /* Products */,
			);
			sourceTree = "<group>";
		};
		644BB9CD21F8C52B002EFFC7 /* Products */ = {
			isa = PBXGroup;
			children = (
				644BB9CC21F8C52B002EFFC7 /* Example2.app */,
				644BB9E021F8C52C002EFFC7 /* Example2Tests.xctest */,
				644BB9EB21F8C52C002EFFC7 /* Example2UITests.xctest */,
			);
			name = Products;
			sourceTree = "<group>";
		};
		644BB9CE21F8C52B002EFFC7 /* Example2 */ = {
			isa = PBXGroup;
			children = (
				644BB9CF21F8C52B002EFFC7 /* AppDelegate.swift */,
				644BB9D121F8C52B002EFFC7 /* ViewController.swift */,
				644BB9D321F8C52B002EFFC7 /* Main.storyboard */,
				644BB9D621F8C52C002EFFC7 /* Assets.xcassets */,
				644BB9D821F8C52C002EFFC7 /* LaunchScreen.storyboard */,
				644BB9DB21F8C52C002EFFC7 /* Info.plist */,
			);
			path = Example2;
			sourceTree = "<group>";
		};
		644BB9E321F8C52C002EFFC7 /* Example2Tests */ = {
			isa = PBXGroup;
			children = (
				644BB9E421F8C52C002EFFC7 /* Example2Tests.swift */,
				644BB9E621F8C52C002EFFC7 /* Info.plist */,
			);
			path = Example2Tests;
			sourceTree = "<group>";
		};
		644BB9EE21F8C52C002EFFC7 /* Example2UITests */ = {
			isa = PBXGroup;
			children = (
				644BB9EF21F8C52C002EFFC7 /* Example2UITests.swift */,
				644BB9F121F8C52C002EFFC7 /* Info.plist */,
			);
			path = Example2UITests;
			sourceTree = "<group>";
		};
/* End PBXGroup section */

/* Begin PBXNativeTarget section */
		644BB9CB21F8C52B002EFFC7 /* Example2 */ = {
			isa = PBXNativeTarget;
			buildConfigurationList = 644BB9F421F8C52C002EFFC7 /* Build configuration list for PBXNativeTarget "Example2" */;
			buildPhases = (
				644BB9C821F8C52B002EFFC7 /* Sources */,
				644BB9C921F8C52B002EFFC7 /* Frameworks */,
				644BB9CA21F8C52B002EFFC7 /* Resources */,
			);
			buildRules = (
			);
			dependencies = (
			);
			name = Example2;
			productName = Example2;
			productReference = 644BB9CC21F8C52B002EFFC7 /* Example2.app */;
			productType = "com.apple.product-type.application";
		};
		644BB9DF21F8C52C002EFFC7 /* Example2Tests */ = {
			isa = PBXNativeTarget;
			buildConfigurationList = 644BB9F721F8C52C002EFFC7 /* Build configuration list for PBXNativeTarget "Example2Tests" */;
			buildPhases = (
				644BB9DC21F8C52C002EFFC7 /* Sources */,
				644BB9DD21F8C52C002EFFC7 /* Frameworks */,
				644BB9DE21F8C52C002EFFC7 /* Resources */,
			);
			buildRules = (
			);
			dependencies = (
				644BB9E221F8C52C002EFFC7 /* PBXTargetDependency */,
			);
			name = Example2Tests;
			productName = Example2Tests;
			productReference = 644BB9E021F8C52C002EFFC7 /* Example2Tests.xctest */;
			productType = "com.apple.product-type.bundle.unit-test";
		};
		644BB9EA21F8C52C002EFFC7 /* Example2UITests */ = {
			isa = PBXNativeTarget;
			buildConfigurationList = 644BB9FA21F8C52C002EFFC7 /* Build configuration list for PBXNativeTarget "Example2UITests" */;
			buildPhases = (
				644BB9E721F8C52C002EFFC7 /* Sources */,
				644BB9E821F8C52C002EFFC7 /* Frameworks */,
				644BB9E921F8C52C002EFFC7 /* Resources */,
			);
			buildRules = (
			);
			dependencies = (
				644BB9ED21F8C52C002EFFC7 /* PBXTargetDependency */,
			);
			name = Example2UITests;
			productName = Example2UITests;
			productReference = 644BB9EB21F8C52C002EFFC7 /* Example2UITests.xctest */;
			productType = "com.apple.product-type.bundle.ui-testing";
		};
/* End PBXNativeTarget section */

/* Begin PBXProject section */
		644BB9C421F8C52A002EFFC7 /* Project object */ = {
			isa = PBXProject;
			attributes = {
				LastSwiftUpdateCheck = 1010;
				LastUpgradeCheck = 1010;
				ORGANIZATIONNAME = Elias_PP;
				TargetAttributes = {
					644BB9CB21F8C52B002EFFC7 = {
						CreatedOnToolsVersion = 10.1;
					};
					644BB9DF21F8C52C002EFFC7 = {
						CreatedOnToolsVersion = 10.1;
						TestTargetID = 644BB9CB21F8C52B002EFFC7;
					};
					644BB9EA21F8C52C002EFFC7 = {
						CreatedOnToolsVersion = 10.1;
						TestTargetID = 644BB9CB21F8C52B002EFFC7;
					};
				};
			};
			buildConfigurationList = 644BB9C721F8C52A002EFFC7 /* Build configuration list for PBXProject "Example2" */;
			compatibilityVersion = "Xcode 9.3";
			developmentRegion = en;
			hasScannedForEncodings = 0;
			knownRegions = (
				en,
				Base,
			);
			mainGroup = 644BB9C321F8C52A002EFFC7;
			productRefGroup = 644BB9CD21F8C52B002EFFC7 /* Products */;
			projectDirPath = "";
			projectRoot = "";
			targets = (
				644BB9CB21F8C52B002EFFC7 /* Example2 */,
				644BB9DF21F8C52C002EFFC7 /* Example2Tests */,
				644BB9EA21F8C52C002EFFC7 /* Example2UITests */,
			);
		};
/* End PBXProject section */

/* Begin PBXResourcesBuildPhase section */
		644BB9CA21F8C52B002EFFC7 /* Resources */ = {
			isa = PBXResourcesBuildPhase;
			buildActionMask = 2147483647;
			files = (
				644BB9DA21F8C52C002EFFC7 /* LaunchScreen.storyboard in Resources */,
				644BB9D721F8C52C002EFFC7 /* Assets.xcassets in Resources */,
				644BB9D521F8C52B002EFFC7 /* Main.storyboard in Resources */,
			);
			runOnlyForDeploymentPostprocessing = 0;
		};
		644BB9DE21F8C52C002EFFC7 /* Resources */ = {
			isa = PBXResourcesBuildPhase;
			buildActionMask = 2147483647;
			files = (
			);
			runOnlyForDeploymentPostprocessing = 0;
		};
		644BB9E921F8C52C002EFFC7 /* Resources */ = {
			isa = PBXResourcesBuildPhase;
			buildActionMask = 2147483647;
			files = (
			);
			runOnlyForDeploymentPostprocessing = 0;
		};
/* End PBXResourcesBuildPhase section */

/* Begin PBXSourcesBuildPhase section */
		644BB9C821F8C52B002EFFC7 /* Sources */ = {
			isa = PBXSourcesBuildPhase;
			buildActionMask = 2147483647;
			files = (
				644BB9D221F8C52B002EFFC7 /* ViewController.swift in Sources */,
				644BB9D021F8C52B002EFFC7 /* AppDelegate.swift in Sources */,
			);
			runOnlyForDeploymentPostprocessing = 0;
		};
		644BB9DC21F8C52C002EFFC7 /* Sources */ = {
			isa = PBXSourcesBuildPhase;
			buildActionMask = 2147483647;
			files = (
				644BB9E521F8C52C002EFFC7 /* Example2Tests.swift in Sources */,
			);
			runOnlyForDeploymentPostprocessing = 0;
		};
		644BB9E721F8C52C002EFFC7 /* Sources */ = {
			isa = PBXSourcesBuildPhase;
			buildActionMask = 2147483647;
			files = (
				644BB9F021F8C52C002EFFC7 /* Example2UITests.swift in Sources */,
			);
			runOnlyForDeploymentPostprocessing = 0;
		};
/* End PBXSourcesBuildPhase section */

/* Begin PBXTargetDependency section */
		644BB9E221F8C52C002EFFC7 /* PBXTargetDependency */ = {
			isa = PBXTargetDependency;
			target = 644BB9CB21F8C52B002EFFC7 /* Example2 */;
			targetProxy = 644BB9E121F8C52C002EFFC7 /* PBXContainerItemProxy */;
		};
		644BB9ED21F8C52C002EFFC7 /* PBXTargetDependency */ = {
			isa = PBXTargetDependency;
			target = 644BB9CB21F8C52B002EFFC7 /* Example2 */;
			targetProxy = 644BB9EC21F8C52C002EFFC7 /* PBXContainerItemProxy */;
		};
/* End PBXTargetDependency section */

/* Begin PBXVariantGroup section */
		644BB9D321F8C52B002EFFC7 /* Main.storyboard */ = {
			isa = PBXVariantGroup;
			children = (
				644BB9D421F8C52B002EFFC7 /* Base */,
			);
			name = Main.storyboard;
			sourceTree = "<group>";
		};
		644BB9D821F8C52C002EFFC7 /* LaunchScreen.storyboard */ = {
			isa = PBXVariantGroup;
			children = (
				644BB9D921F8C52C002EFFC7 /* Base */,
			);
			name = LaunchScreen.storyboard;
			sourceTree = "<group>";
		};
/* End PBXVariantGroup section */

/* Begin XCBuildConfiguration section */
		644BB9F221F8C52C002EFFC7 /* Debug */ = {
			isa = XCBuildConfiguration;
			buildSettings = {
				ALWAYS_SEARCH_USER_PATHS = NO;
				CLANG_ANALYZER_NONNULL = YES;
				CLANG_ANALYZER_NUMBER_OBJECT_CONVERSION = YES_AGGRESSIVE;
				CLANG_CXX_LANGUAGE_STANDARD = "gnu++14";
				CLANG_CXX_LIBRARY = "libc++";
				CLANG_ENABLE_MODULES = YES;
				CLANG_ENABLE_OBJC_ARC = YES;
				CLANG_ENABLE_OBJC_WEAK = YES;
				CLANG_WARN_BLOCK_CAPTURE_AUTORELEASING = YES;
				CLANG_WARN_BOOL_CONVERSION = YES;
				CLANG_WARN_COMMA = YES;
				CLANG_WARN_CONSTANT_CONVERSION = YES;
				CLANG_WARN_DEPRECATED_OBJC_IMPLEMENTATIONS = YES;
				CLANG_WARN_DIRECT_OBJC_ISA_USAGE = YES_ERROR;
				CLANG_WARN_DOCUMENTATION_COMMENTS = YES;
				CLANG_WARN_EMPTY_BODY = YES;
				CLANG_WARN_ENUM_CONVERSION = YES;
				CLANG_WARN_INFINITE_RECURSION = YES;
				CLANG_WARN_INT_CONVERSION = YES;
				CLANG_WARN_NON_LITERAL_NULL_CONVERSION = YES;
				CLANG_WARN_OBJC_IMPLICIT_RETAIN_SELF = YES;
				CLANG_WARN_OBJC_LITERAL_CONVERSION = YES;
				CLANG_WARN_OBJC_ROOT_CLASS = YES_ERROR;
				CLANG_WARN_RANGE_LOOP_ANALYSIS = YES;
				CLANG_WARN_STRICT_PROTOTYPES = YES;
				CLANG_WARN_SUSPICIOUS_MOVE = YES;
				CLANG_WARN_UNGUARDED_AVAILABILITY = YES_AGGRESSIVE;
				CLANG_WARN_UNREACHABLE_CODE = YES;
				CLANG_WARN__DUPLICATE_METHOD_MATCH = YES;
				CODE_SIGN_IDENTITY = "iPhone Developer";
				COPY_PHASE_STRIP = NO;
				DEBUG_INFORMATION_FORMAT = dwarf;
				ENABLE_STRICT_OBJC_MSGSEND = YES;
				ENABLE_TESTABILITY = YES;
				GCC_C_LANGUAGE_STANDARD = gnu11;
				GCC_DYNAMIC_NO_PIC = NO;
				GCC_NO_COMMON_BLOCKS = YES;
				GCC_OPTIMIZATION_LEVEL = 0;
				GCC_PREPROCESSOR_DEFINITIONS = (
					"DEBUG=1",
					"$(inherited)",
				);
				GCC_WARN_64_TO_32_BIT_CONVERSION = YES;
				GCC_WARN_ABOUT_RETURN_TYPE = YES_ERROR;
				GCC_WARN_UNDECLARED_SELECTOR = YES;
				GCC_WARN_UNINITIALIZED_AUTOS = YES_AGGRESSIVE;
				GCC_WARN_UNUSED_FUNCTION = YES;
				GCC_WARN_UNUSED_VARIABLE = YES;
				IPHONEOS_DEPLOYMENT_TARGET = 12.1;
				MTL_ENABLE_DEBUG_INFO = INCLUDE_SOURCE;
				MTL_FAST_MATH = YES;
				ONLY_ACTIVE_ARCH = YES;
				SDKROOT = iphoneos;
				SWIFT_ACTIVE_COMPILATION_CONDITIONS = DEBUG;
				SWIFT_OPTIMIZATION_LEVEL = "-Onone";
			};
			name = Debug;
		};
		644BB9F321F8C52C002EFFC7 /* Release */ = {
			isa = XCBuildConfiguration;
			buildSettings = {
				ALWAYS_SEARCH_USER_PATHS = NO;
				CLANG_ANALYZER_NONNULL = YES;
				CLANG_ANALYZER_NUMBER_OBJECT_CONVERSION = YES_AGGRESSIVE;
				CLANG_CXX_LANGUAGE_STANDARD = "gnu++14";
				CLANG_CXX_LIBRARY = "libc++";
				CLANG_ENABLE_MODULES = YES;
				CLANG_ENABLE_OBJC_ARC = YES;
				CLANG_ENABLE_OBJC_WEAK = YES;
				CLANG_WARN_BLOCK_CAPTURE_AUTORELEASING = YES;
				CLANG_WARN_BOOL_CONVERSION = YES;
				CLANG_WARN_COMMA = YES;
				CLANG_WARN_CONSTANT_CONVERSION = YES;
				CLANG_WARN_DEPRECATED_OBJC_IMPLEMENTATIONS = YES;
				CLANG_WARN_DIRECT_OBJC_ISA_USAGE = YES_ERROR;
				CLANG_WARN_DOCUMENTATION_COMMENTS = YES;
				CLANG_WARN_EMPTY_BODY = YES;
				CLANG_WARN_ENUM_CONVERSION = YES;
				CLANG_WARN_INFINITE_RECURSION = YES;
				CLANG_WARN_INT_CONVERSION = YES;
				CLANG_WARN_NON_LITERAL_NULL_CONVERSION = YES;
				CLANG_WARN_OBJC_IMPLICIT_RETAIN_SELF = YES;
				CLANG_WARN_OBJC_LITERAL_CONVERSION = YES;
				CLANG_WARN_OBJC_ROOT_CLASS = YES_ERROR;
				CLANG_WARN_RANGE_LOOP_ANALYSIS = YES;
				CLANG_WARN_STRICT_PROTOTYPES = YES;
				CLANG_WARN_SUSPICIOUS_MOVE = YES;
				CLANG_WARN_UNGUARDED_AVAILABILITY = YES_AGGRESSIVE;
				CLANG_WARN_UNREACHABLE_CODE = YES;
				CLANG_WARN__DUPLICATE_METHOD_MATCH = YES;
				CODE_SIGN_IDENTITY = "iPhone Developer";
				COPY_PHASE_STRIP = NO;
				DEBUG_INFORMATION_FORMAT = "dwarf-with-dsym";
				ENABLE_NS_ASSERTIONS = NO;
				ENABLE_STRICT_OBJC_MSGSEND = YES;
				GCC_C_LANGUAGE_STANDARD = gnu11;
				GCC_NO_COMMON_BLOCKS = YES;
				GCC_WARN_64_TO_32_BIT_CONVERSION = YES;
				GCC_WARN_ABOUT_RETURN_TYPE = YES_ERROR;
				GCC_WARN_UNDECLARED_SELECTOR = YES;
				GCC_WARN_UNINITIALIZED_AUTOS = YES_AGGRESSIVE;
				GCC_WARN_UNUSED_FUNCTION = YES;
				GCC_WARN_UNUSED_VARIABLE = YES;
				IPHONEOS_DEPLOYMENT_TARGET = 12.1;
				MTL_ENABLE_DEBUG_INFO = NO;
				MTL_FAST_MATH = YES;
				SDKROOT = iphoneos;
				SWIFT_COMPILATION_MODE = wholemodule;
				SWIFT_OPTIMIZATION_LEVEL = "-O";
				VALIDATE_PRODUCT = YES;
			};
			name = Release;
		};
		644BB9F521F8C52C002EFFC7 /* Debug */ = {
			isa = XCBuildConfiguration;
			buildSettings = {
				ASSETCATALOG_COMPILER_APPICON_NAME = AppIcon;
				CODE_SIGN_STYLE = Automatic;
				INFOPLIST_FILE = Example2/Info.plist;
				LD_RUNPATH_SEARCH_PATHS = (
					"$(inherited)",
					"@executable_path/Frameworks",
				);
				PRODUCT_BUNDLE_IDENTIFIER = "Example-2.Example2";
				PRODUCT_NAME = "$(TARGET_NAME)";
				SWIFT_VERSION = 4.2;
				TARGETED_DEVICE_FAMILY = "1,2";
			};
			name = Debug;
		};
		644BB9F621F8C52C002EFFC7 /* Release */ = {
			isa = XCBuildConfiguration;
			buildSettings = {
				ASSETCATALOG_COMPILER_APPICON_NAME = AppIcon;
				CODE_SIGN_STYLE = Automatic;
				INFOPLIST_FILE = Example2/Info.plist;
				LD_RUNPATH_SEARCH_PATHS = (
					"$(inherited)",
					"@executable_path/Frameworks",
				);
				PRODUCT_BUNDLE_IDENTIFIER = "Example-2.Example2";
				PRODUCT_NAME = "$(TARGET_NAME)";
				SWIFT_VERSION = 4.2;
				TARGETED_DEVICE_FAMILY = "1,2";
			};
			name = Release;
		};
		644BB9F821F8C52C002EFFC7 /* Debug */ = {
			isa = XCBuildConfiguration;
			buildSettings = {
				ALWAYS_EMBED_SWIFT_STANDARD_LIBRARIES = YES;
				BUNDLE_LOADER = "$(TEST_HOST)";
				CODE_SIGN_STYLE = Automatic;
				INFOPLIST_FILE = Example2Tests/Info.plist;
				LD_RUNPATH_SEARCH_PATHS = (
					"$(inherited)",
					"@executable_path/Frameworks",
					"@loader_path/Frameworks",
				);
				PRODUCT_BUNDLE_IDENTIFIER = "Example-2.Example2Tests";
				PRODUCT_NAME = "$(TARGET_NAME)";
				SWIFT_VERSION = 4.2;
				TARGETED_DEVICE_FAMILY = "1,2";
				TEST_HOST = "$(BUILT_PRODUCTS_DIR)/Example2.app/Example2";
			};
			name = Debug;
		};
		644BB9F921F8C52C002EFFC7 /* Release */ = {
			isa = XCBuildConfiguration;
			buildSettings = {
				ALWAYS_EMBED_SWIFT_STANDARD_LIBRARIES = YES;
				BUNDLE_LOADER = "$(TEST_HOST)";
				CODE_SIGN_STYLE = Automatic;
				INFOPLIST_FILE = Example2Tests/Info.plist;
				LD_RUNPATH_SEARCH_PATHS = (
					"$(inherited)",
					"@executable_path/Frameworks",
					"@loader_path/Frameworks",
				);
				PRODUCT_BUNDLE_IDENTIFIER = "Example-2.Example2Tests";
				PRODUCT_NAME = "$(TARGET_NAME)";
				SWIFT_VERSION = 4.2;
				TARGETED_DEVICE_FAMILY = "1,2";
				TEST_HOST = "$(BUILT_PRODUCTS_DIR)/Example2.app/Example2";
			};
			name = Release;
		};
		644BB9FB21F8C52C002EFFC7 /* Debug */ = {
			isa = XCBuildConfiguration;
			buildSettings = {
				ALWAYS_EMBED_SWIFT_STANDARD_LIBRARIES = YES;
				CODE_SIGN_STYLE = Automatic;
				INFOPLIST_FILE = Example2UITests/Info.plist;
				LD_RUNPATH_SEARCH_PATHS = (
					"$(inherited)",
					"@executable_path/Frameworks",
					"@loader_path/Frameworks",
				);
				PRODUCT_BUNDLE_IDENTIFIER = "Example-2.Example2UITests";
				PRODUCT_NAME = "$(TARGET_NAME)";
				SWIFT_VERSION = 4.2;
				TARGETED_DEVICE_FAMILY = "1,2";
				TEST_TARGET_NAME = Example2;
			};
			name = Debug;
		};
		644BB9FC21F8C52C002EFFC7 /* Release */ = {
			isa = XCBuildConfiguration;
			buildSettings = {
				ALWAYS_EMBED_SWIFT_STANDARD_LIBRARIES = YES;
				CODE_SIGN_STYLE = Automatic;
				INFOPLIST_FILE = Example2UITests/Info.plist;
				LD_RUNPATH_SEARCH_PATHS = (
					"$(inherited)",
					"@executable_path/Frameworks",
					"@loader_path/Frameworks",
				);
				PRODUCT_BUNDLE_IDENTIFIER = "Example-2.Example2UITests";
				PRODUCT_NAME = "$(TARGET_NAME)";
				SWIFT_VERSION = 4.2;
				TARGETED_DEVICE_FAMILY = "1,2";
				TEST_TARGET_NAME = Example2;
			};
			name = Release;
		};
/* End XCBuildConfiguration section */

/* Begin XCConfigurationList section */
		644BB9C721F8C52A002EFFC7 /* Build configuration list for PBXProject "Example2" */ = {
			isa = XCConfigurationList;
			buildConfigurations = (
				644BB9F221F8C52C002EFFC7 /* Debug */,
				644BB9F321F8C52C002EFFC7 /* Release */,
			);
			defaultConfigurationIsVisible = 0;
			defaultConfigurationName = Release;
		};
		644BB9F421F8C52C002EFFC7 /* Build configuration list for PBXNativeTarget "Example2" */ = {
			isa = XCConfigurationList;
			buildConfigurations = (
				644BB9F521F8C52C002EFFC7 /* Debug */,
				644BB9F621F8C52C002EFFC7 /* Release */,
			);
			defaultConfigurationIsVisible = 0;
			defaultConfigurationName = Release;
		};
		644BB9F721F8C52C002EFFC7 /* Build configuration list for PBXNativeTarget "Example2Tests" */ = {
			isa = XCConfigurationList;
			buildConfigurations = (
				644BB9F821F8C52C002EFFC7 /* Debug */,
				644BB9F921F8C52C002EFFC7 /* Release */,
			);
			defaultConfigurationIsVisible = 0;
			defaultConfigurationName = Release;
		};
		644BB9FA21F8C52C002EFFC7 /* Build configuration list for PBXNativeTarget "Example2UITests" */ = {
			isa = XCConfigurationList;
			buildConfigurations = (
				644BB9FB21F8C52C002EFFC7 /* Debug */,
				644BB9FC21F8C52C002EFFC7 /* Release */,
			);
			defaultConfigurationIsVisible = 0;
			defaultConfigurationName = Release;
		};
/* End XCConfigurationList section */
	};
	rootObject = 644BB9C421F8C52A002EFFC7 /* Project object */;
}
